
Microsoft Visual Studio Solution File, Format Version 12.00
# Visual Studio Version 17
VisualStudioVersion = 17.5.33530.505
MinimumVisualStudioVersion = 10.0.40219.1
Project("{FAE04EC0-301F-11D3-BF4B-00C04F79EFBC}") = "BierenApplication", "BierenApplication\BierenApplication.csproj", "{C398CC38-31C6-462F-A8FE-E89DD3D93D55}"
EndProject
Global
	GlobalSection(SolutionConfigurationPlatforms) = preSolution
		Debug|Any CPU = Debug|Any CPU
		Release|Any CPU = Release|Any CPU
	EndGlobalSection
	GlobalSection(ProjectConfigurationPlatforms) = postSolution
		{C398CC38-31C6-462F-A8FE-E89DD3D93D55}.Debug|Any CPU.ActiveCfg = Debug|Any CPU
		{C398CC38-31C6-462F-A8FE-E89DD3D93D55}.Debug|Any CPU.Build.0 = Debug|Any CPU
		{C398CC38-31C6-462F-A8FE-E89DD3D93D55}.Release|Any CPU.ActiveCfg = Release|Any CPU
		{C398CC38-31C6-462F-A8FE-E89DD3D93D55}.Release|Any CPU.Build.0 = Release|Any CPU
	EndGlobalSection
	GlobalSection(SolutionProperties) = preSolution
		HideSolutionNode = FALSE
	EndGlobalSection
	GlobalSection(ExtensibilityGlobals) = postSolution
		SolutionGuid = {84C0C923-D3EC-45AB-A20C-CDA95CB30E53}
	EndGlobalSection
EndGlobal
